<?xml version="1.0" encoding="utf-8"?>
<Project ToolsVersion="4.0" xmlns="http://schemas.microsoft.com/developer/msbuild/2003">
  <ItemGroup>
    <Filter Include="ソース ファイル">
      <UniqueIdentifier>{4FC737F1-C7A5-4376-A066-2A32D752A2FF}</UniqueIdentifier>
      <Extensions>cpp;c;cc;cxx;def;odl;idl;hpj;bat;asm;asmx</Extensions>
    </Filter>
    <Filter Include="ヘッダー ファイル">
      <UniqueIdentifier>{93995380-89BD-4b04-88EB-625FBE52EBFB}</UniqueIdentifier>
      <Extensions>h;hpp;hxx;hm;inl;inc;xsd</Extensions>
    </Filter>
    <Filter Include="リソース ファイル">
      <UniqueIdentifier>{67DA6AB6-F800-4c08-8B7A-83BB121AAD01}</UniqueIdentifier>
      <Extensions>rc;ico;cur;bmp;dlg;rc2;rct;bin;rgs;gif;jpg;jpeg;jpe;resx;tiff;tif;png;wav;mfcribbon-ms</Extensions>
    </Filter>
    <Filter Include="ヘッダー ファイル\application_layer">
      <UniqueIdentifier>{7b9a71b7-9318-4417-b3d8-3e2f7022e8e0}</UniqueIdentifier>
    </Filter>
    <Filter Include="ヘッダー ファイル\connection_type">
      <UniqueIdentifier>{d36f7781-c3cc-47ed-81c6-ddfc5f0bafe5}</UniqueIdentifier>
    </Filter>
    <Filter Include="ヘッダー ファイル\system">
      <UniqueIdentifier>{f73b34bc-de0c-4344-af9b-f7f2c42c5eba}</UniqueIdentifier>
    </Filter>
    <Filter Include="ヘッダー ファイル\session">
      <UniqueIdentifier>{4825fe2d-122b-4aae-8e46-8c179cded422}</UniqueIdentifier>
    </Filter>
  </ItemGroup>
  <ItemGroup>
    <ClInclude Include="client.hpp">
      <Filter>ヘッダー ファイル</Filter>
    </ClInclude>
    <ClInclude Include="connection_type\async_connection.hpp">
      <Filter>ヘッダー ファイル\connection_type</Filter>
    </ClInclude>
    <ClInclude Include="connection_type\connection_base.hpp">
      <Filter>ヘッダー ファイル\connection_type</Filter>
    </ClInclude>
    <ClInclude Include="connection_type\sync_connection.hpp">
      <Filter>ヘッダー ファイル\connection_type</Filter>
    </ClInclude>
    <ClInclude Include="server.hpp">
      <Filter>ヘッダー ファイル</Filter>
    </ClInclude>
    <ClInclude Include="request.hpp">
      <Filter>ヘッダー ファイル</Filter>
    </ClInclude>
    <ClInclude Include="application_layer\socket_base.hpp">
      <Filter>ヘッダー ファイル\application_layer</Filter>
    </ClInclude>
    <ClInclude Include="system\error_code.hpp">
      <Filter>ヘッダー ファイル\system</Filter>
    </ClInclude>
    <ClInclude Include="application_layer\tcp_socket.hpp">
      <Filter>ヘッダー ファイル\application_layer</Filter>
    </ClInclude>
    <ClInclude Include="application_layer\ssl_socket.hpp">
      <Filter>ヘッダー ファイル\application_layer</Filter>
    </ClInclude>
    <ClInclude Include="session\http_session.hpp">
      <Filter>ヘッダー ファイル\session</Filter>
    </ClInclude>
    <ClInclude Include="session\session_base.hpp">
      <Filter>ヘッダー ファイル\session</Filter>
    </ClInclude>
    <ClInclude Include="response.hpp">
      <Filter>ヘッダー ファイル</Filter>
    </ClInclude>
    <ClInclude Include="manager.hpp">
      <Filter>ヘッダー ファイル</Filter>
    </ClInclude>
  </ItemGroup>
  <ItemGroup>
    <None Include="ClassDiagram.jpg">
      <Filter>リソース ファイル</Filter>
    </None>
  </ItemGroup>
</Project>