
Microsoft Visual Studio Solution File, Format Version 12.00
# Visual Studio 2012
Project("{8BC9CEB8-8B4A-11D0-8D11-00A0C91BC942}") = "BoostConnect", "include\boostconnect\BoostConnect.vcxproj", "{16641C79-954C-4833-80D4-64FDC908700B}"
EndProject
Project("{8BC9CEB8-8B4A-11D0-8D11-00A0C91BC942}") = "sample", "sample\sample.vcxproj", "{EE6486AA-E297-45E8-BBEB-D54B5FD990DE}"
EndProject
Global
	GlobalSection(SolutionConfigurationPlatforms) = preSolution
		Debug|Win32 = Debug|Win32
		Release|Win32 = Release|Win32
	EndGlobalSection
	GlobalSection(ProjectConfigurationPlatforms) = postSolution
		{16641C79-954C-4833-80D4-64FDC908700B}.Debug|Win32.ActiveCfg = Debug|Win32
		{16641C79-954C-4833-80D4-64FDC908700B}.Release|Win32.ActiveCfg = Release|Win32
		{EE6486AA-E297-45E8-BBEB-D54B5FD990DE}.Debug|Win32.ActiveCfg = Debug|Win32
		{EE6486AA-E297-45E8-BBEB-D54B5FD990DE}.Debug|Win32.Build.0 = Debug|Win32
		{EE6486AA-E297-45E8-BBEB-D54B5FD990DE}.Release|Win32.ActiveCfg = Release|Win32
		{EE6486AA-E297-45E8-BBEB-D54B5FD990DE}.Release|Win32.Build.0 = Release|Win32
	EndGlobalSection
	GlobalSection(SolutionProperties) = preSolution
		HideSolutionNode = FALSE
	EndGlobalSection
EndGlobal
