
Microsoft Visual Studio Solution File, Format Version 12.00
# Visual Studio 2013
VisualStudioVersion = 12.0.31101.0
MinimumVisualStudioVersion = 10.0.40219.1
Project("{8BC9CEB8-8B4A-11D0-8D11-00A0C91BC942}") = "server", "example\server\server.vcxproj", "{CEE6A21B-6C95-4FF8-9A6D-281DFE42AA2B}"
EndProject
Project("{2150E333-8FDC-42A3-9474-1A3956D46DE8}") = "example", "example", "{085DB4C9-B43F-4A7E-9713-011DD89BE532}"
EndProject
Project("{8BC9CEB8-8B4A-11D0-8D11-00A0C91BC942}") = "async_client", "example\async_client\async_client.vcxproj", "{57EBC71B-77DA-4FF5-B98E-2DDF2F737D14}"
	ProjectSection(ProjectDependencies) = postProject
		{186A58A5-4448-4D73-B793-B5293F097543} = {186A58A5-4448-4D73-B793-B5293F097543}
	EndProjectSection
EndProject
Project("{8BC9CEB8-8B4A-11D0-8D11-00A0C91BC942}") = "sync_client", "example\sync_client\sync_client.vcxproj", "{F5E52272-9867-4F53-A4DF-AA0AE2C91198}"
	ProjectSection(ProjectDependencies) = postProject
		{186A58A5-4448-4D73-B793-B5293F097543} = {186A58A5-4448-4D73-B793-B5293F097543}
	EndProjectSection
EndProject
Project("{8BC9CEB8-8B4A-11D0-8D11-00A0C91BC942}") = "ssl_client", "example\ssl_client\ssl_client.vcxproj", "{BB6E1E29-8C8E-49EB-BBDA-3F6AB663CC9B}"
	ProjectSection(ProjectDependencies) = postProject
		{186A58A5-4448-4D73-B793-B5293F097543} = {186A58A5-4448-4D73-B793-B5293F097543}
	EndProjectSection
EndProject
Project("{8BC9CEB8-8B4A-11D0-8D11-00A0C91BC942}") = "server_test", "example\server_test\server_test.vcxproj", "{E0F901D6-7D50-458C-93BD-70DD5B4E5D6A}"
EndProject
Project("{8BC9CEB8-8B4A-11D0-8D11-00A0C91BC942}") = "client", "libs\client\build\client.vcxproj", "{186A58A5-4448-4D73-B793-B5293F097543}"
EndProject
Global
	GlobalSection(SolutionConfigurationPlatforms) = preSolution
		Debug|Mixed Platforms = Debug|Mixed Platforms
		Debug|Win32 = Debug|Win32
		Debug|x64 = Debug|x64
		Release|Mixed Platforms = Release|Mixed Platforms
		Release|Win32 = Release|Win32
		Release|x64 = Release|x64
	EndGlobalSection
	GlobalSection(ProjectConfigurationPlatforms) = postSolution
		{CEE6A21B-6C95-4FF8-9A6D-281DFE42AA2B}.Debug|Mixed Platforms.ActiveCfg = Debug|Win32
		{CEE6A21B-6C95-4FF8-9A6D-281DFE42AA2B}.Debug|Win32.ActiveCfg = Debug|Win32
		{CEE6A21B-6C95-4FF8-9A6D-281DFE42AA2B}.Debug|Win32.Build.0 = Debug|Win32
		{CEE6A21B-6C95-4FF8-9A6D-281DFE42AA2B}.Debug|x64.ActiveCfg = Debug|x64
		{CEE6A21B-6C95-4FF8-9A6D-281DFE42AA2B}.Release|Mixed Platforms.ActiveCfg = Release|Win32
		{CEE6A21B-6C95-4FF8-9A6D-281DFE42AA2B}.Release|Mixed Platforms.Build.0 = Release|Win32
		{CEE6A21B-6C95-4FF8-9A6D-281DFE42AA2B}.Release|Win32.ActiveCfg = Release|Win32
		{CEE6A21B-6C95-4FF8-9A6D-281DFE42AA2B}.Release|Win32.Build.0 = Release|Win32
		{CEE6A21B-6C95-4FF8-9A6D-281DFE42AA2B}.Release|x64.ActiveCfg = Release|x64
		{57EBC71B-77DA-4FF5-B98E-2DDF2F737D14}.Debug|Mixed Platforms.ActiveCfg = Debug|Win32
		{57EBC71B-77DA-4FF5-B98E-2DDF2F737D14}.Debug|Mixed Platforms.Build.0 = Debug|Win32
		{57EBC71B-77DA-4FF5-B98E-2DDF2F737D14}.Debug|Win32.ActiveCfg = Debug|Win32
		{57EBC71B-77DA-4FF5-B98E-2DDF2F737D14}.Debug|Win32.Build.0 = Debug|Win32
		{57EBC71B-77DA-4FF5-B98E-2DDF2F737D14}.Debug|x64.ActiveCfg = Debug|x64
		{57EBC71B-77DA-4FF5-B98E-2DDF2F737D14}.Debug|x64.Build.0 = Debug|x64
		{57EBC71B-77DA-4FF5-B98E-2DDF2F737D14}.Release|Mixed Platforms.ActiveCfg = Release|Win32
		{57EBC71B-77DA-4FF5-B98E-2DDF2F737D14}.Release|Mixed Platforms.Build.0 = Release|Win32
		{57EBC71B-77DA-4FF5-B98E-2DDF2F737D14}.Release|Win32.ActiveCfg = Release|Win32
		{57EBC71B-77DA-4FF5-B98E-2DDF2F737D14}.Release|Win32.Build.0 = Release|Win32
		{57EBC71B-77DA-4FF5-B98E-2DDF2F737D14}.Release|x64.ActiveCfg = Release|x64
		{57EBC71B-77DA-4FF5-B98E-2DDF2F737D14}.Release|x64.Build.0 = Release|x64
		{F5E52272-9867-4F53-A4DF-AA0AE2C91198}.Debug|Mixed Platforms.ActiveCfg = Debug|Win32
		{F5E52272-9867-4F53-A4DF-AA0AE2C91198}.Debug|Mixed Platforms.Build.0 = Debug|Win32
		{F5E52272-9867-4F53-A4DF-AA0AE2C91198}.Debug|Win32.ActiveCfg = Debug|Win32
		{F5E52272-9867-4F53-A4DF-AA0AE2C91198}.Debug|Win32.Build.0 = Debug|Win32
		{F5E52272-9867-4F53-A4DF-AA0AE2C91198}.Debug|x64.ActiveCfg = Debug|x64
		{F5E52272-9867-4F53-A4DF-AA0AE2C91198}.Debug|x64.Build.0 = Debug|x64
		{F5E52272-9867-4F53-A4DF-AA0AE2C91198}.Release|Mixed Platforms.ActiveCfg = Release|Win32
		{F5E52272-9867-4F53-A4DF-AA0AE2C91198}.Release|Mixed Platforms.Build.0 = Release|Win32
		{F5E52272-9867-4F53-A4DF-AA0AE2C91198}.Release|Win32.ActiveCfg = Release|Win32
		{F5E52272-9867-4F53-A4DF-AA0AE2C91198}.Release|Win32.Build.0 = Release|Win32
		{F5E52272-9867-4F53-A4DF-AA0AE2C91198}.Release|x64.ActiveCfg = Release|x64
		{F5E52272-9867-4F53-A4DF-AA0AE2C91198}.Release|x64.Build.0 = Release|x64
		{BB6E1E29-8C8E-49EB-BBDA-3F6AB663CC9B}.Debug|Mixed Platforms.ActiveCfg = Debug|Win32
		{BB6E1E29-8C8E-49EB-BBDA-3F6AB663CC9B}.Debug|Mixed Platforms.Build.0 = Debug|Win32
		{BB6E1E29-8C8E-49EB-BBDA-3F6AB663CC9B}.Debug|Win32.ActiveCfg = Debug|Win32
		{BB6E1E29-8C8E-49EB-BBDA-3F6AB663CC9B}.Debug|Win32.Build.0 = Debug|Win32
		{BB6E1E29-8C8E-49EB-BBDA-3F6AB663CC9B}.Debug|x64.ActiveCfg = Debug|x64
		{BB6E1E29-8C8E-49EB-BBDA-3F6AB663CC9B}.Debug|x64.Build.0 = Debug|x64
		{BB6E1E29-8C8E-49EB-BBDA-3F6AB663CC9B}.Release|Mixed Platforms.ActiveCfg = Release|Win32
		{BB6E1E29-8C8E-49EB-BBDA-3F6AB663CC9B}.Release|Mixed Platforms.Build.0 = Release|Win32
		{BB6E1E29-8C8E-49EB-BBDA-3F6AB663CC9B}.Release|Win32.ActiveCfg = Release|Win32
		{BB6E1E29-8C8E-49EB-BBDA-3F6AB663CC9B}.Release|Win32.Build.0 = Release|Win32
		{BB6E1E29-8C8E-49EB-BBDA-3F6AB663CC9B}.Release|x64.ActiveCfg = Release|x64
		{BB6E1E29-8C8E-49EB-BBDA-3F6AB663CC9B}.Release|x64.Build.0 = Release|x64
		{E0F901D6-7D50-458C-93BD-70DD5B4E5D6A}.Debug|Mixed Platforms.ActiveCfg = Debug|Win32
		{E0F901D6-7D50-458C-93BD-70DD5B4E5D6A}.Debug|Win32.ActiveCfg = Debug|Win32
		{E0F901D6-7D50-458C-93BD-70DD5B4E5D6A}.Debug|Win32.Build.0 = Debug|Win32
		{E0F901D6-7D50-458C-93BD-70DD5B4E5D6A}.Debug|x64.ActiveCfg = Debug|x64
		{E0F901D6-7D50-458C-93BD-70DD5B4E5D6A}.Release|Mixed Platforms.ActiveCfg = Release|Win32
		{E0F901D6-7D50-458C-93BD-70DD5B4E5D6A}.Release|Mixed Platforms.Build.0 = Release|Win32
		{E0F901D6-7D50-458C-93BD-70DD5B4E5D6A}.Release|Win32.ActiveCfg = Release|Win32
		{E0F901D6-7D50-458C-93BD-70DD5B4E5D6A}.Release|Win32.Build.0 = Release|Win32
		{E0F901D6-7D50-458C-93BD-70DD5B4E5D6A}.Release|x64.ActiveCfg = Release|x64
		{186A58A5-4448-4D73-B793-B5293F097543}.Debug|Mixed Platforms.ActiveCfg = Debug|Win32
		{186A58A5-4448-4D73-B793-B5293F097543}.Debug|Mixed Platforms.Build.0 = Debug|Win32
		{186A58A5-4448-4D73-B793-B5293F097543}.Debug|Win32.ActiveCfg = Debug|Win32
		{186A58A5-4448-4D73-B793-B5293F097543}.Debug|Win32.Build.0 = Debug|Win32
		{186A58A5-4448-4D73-B793-B5293F097543}.Debug|x64.ActiveCfg = Debug|x64
		{186A58A5-4448-4D73-B793-B5293F097543}.Debug|x64.Build.0 = Debug|x64
		{186A58A5-4448-4D73-B793-B5293F097543}.Release|Mixed Platforms.ActiveCfg = Release|Win32
		{186A58A5-4448-4D73-B793-B5293F097543}.Release|Mixed Platforms.Build.0 = Release|Win32
		{186A58A5-4448-4D73-B793-B5293F097543}.Release|Win32.ActiveCfg = Release|Win32
		{186A58A5-4448-4D73-B793-B5293F097543}.Release|Win32.Build.0 = Release|Win32
		{186A58A5-4448-4D73-B793-B5293F097543}.Release|x64.ActiveCfg = Release|x64
		{186A58A5-4448-4D73-B793-B5293F097543}.Release|x64.Build.0 = Release|x64
	EndGlobalSection
	GlobalSection(SolutionProperties) = preSolution
		HideSolutionNode = FALSE
	EndGlobalSection
	GlobalSection(NestedProjects) = preSolution
		{CEE6A21B-6C95-4FF8-9A6D-281DFE42AA2B} = {085DB4C9-B43F-4A7E-9713-011DD89BE532}
		{57EBC71B-77DA-4FF5-B98E-2DDF2F737D14} = {085DB4C9-B43F-4A7E-9713-011DD89BE532}
		{F5E52272-9867-4F53-A4DF-AA0AE2C91198} = {085DB4C9-B43F-4A7E-9713-011DD89BE532}
		{BB6E1E29-8C8E-49EB-BBDA-3F6AB663CC9B} = {085DB4C9-B43F-4A7E-9713-011DD89BE532}
		{E0F901D6-7D50-458C-93BD-70DD5B4E5D6A} = {085DB4C9-B43F-4A7E-9713-011DD89BE532}
	EndGlobalSection
EndGlobal
